
Microsoft Visual Studio Solution File, Format Version 12.00
# Visual Studio 15
VisualStudioVersion = 15.0.27428.2002
MinimumVisualStudioVersion = 10.0.40219.1
Project("{FAE04EC0-301F-11D3-BF4B-00C04F79EFBC}") = "DigiOffers.Web", "DigiOffers.Web\DigiOffers.Web.csproj", "{032D6E0F-6A63-4C31-A290-905FED6CC82B}"
EndProject
Project("{FAE04EC0-301F-11D3-BF4B-00C04F79EFBC}") = "DigiOffers.Tests", "DigiOffers.Tests\DigiOffers.Tests.csproj", "{C6B2947F-483F-4B18-AAA7-E36747FD5117}"
EndProject
Project("{FAE04EC0-301F-11D3-BF4B-00C04F79EFBC}") = "DigiOffers.Model", "DigiOffers.Model\DigiOffers.Model.csproj", "{32FDC74C-9994-4D6A-AEA5-0A11EA7BC885}"
EndProject
Project("{FAE04EC0-301F-11D3-BF4B-00C04F79EFBC}") = "DigiOffers.DAL", "DigiOffers.DAL\DigiOffers.DAL.csproj", "{0F663AF2-2083-4FA2-A98C-CFEE29A8273C}"
EndProject
Project("{FAE04EC0-301F-11D3-BF4B-00C04F79EFBC}") = "DigiOffers.Service", "DigiOffers.Service\DigiOffers.Service.csproj", "{D518C5CF-4412-4C48-869F-64BA09F67F84}"
EndProject
Global
	GlobalSection(SolutionConfigurationPlatforms) = preSolution
		Debug|Any CPU = Debug|Any CPU
		Release|Any CPU = Release|Any CPU
	EndGlobalSection
	GlobalSection(ProjectConfigurationPlatforms) = postSolution
		{032D6E0F-6A63-4C31-A290-905FED6CC82B}.Debug|Any CPU.ActiveCfg = Debug|Any CPU
		{032D6E0F-6A63-4C31-A290-905FED6CC82B}.Debug|Any CPU.Build.0 = Debug|Any CPU
		{032D6E0F-6A63-4C31-A290-905FED6CC82B}.Release|Any CPU.ActiveCfg = Release|Any CPU
		{032D6E0F-6A63-4C31-A290-905FED6CC82B}.Release|Any CPU.Build.0 = Release|Any CPU
		{C6B2947F-483F-4B18-AAA7-E36747FD5117}.Debug|Any CPU.ActiveCfg = Debug|Any CPU
		{C6B2947F-483F-4B18-AAA7-E36747FD5117}.Debug|Any CPU.Build.0 = Debug|Any CPU
		{C6B2947F-483F-4B18-AAA7-E36747FD5117}.Release|Any CPU.ActiveCfg = Release|Any CPU
		{C6B2947F-483F-4B18-AAA7-E36747FD5117}.Release|Any CPU.Build.0 = Release|Any CPU
		{32FDC74C-9994-4D6A-AEA5-0A11EA7BC885}.Debug|Any CPU.ActiveCfg = Debug|Any CPU
		{32FDC74C-9994-4D6A-AEA5-0A11EA7BC885}.Debug|Any CPU.Build.0 = Debug|Any CPU
		{32FDC74C-9994-4D6A-AEA5-0A11EA7BC885}.Release|Any CPU.ActiveCfg = Release|Any CPU
		{32FDC74C-9994-4D6A-AEA5-0A11EA7BC885}.Release|Any CPU.Build.0 = Release|Any CPU
		{0F663AF2-2083-4FA2-A98C-CFEE29A8273C}.Debug|Any CPU.ActiveCfg = Debug|Any CPU
		{0F663AF2-2083-4FA2-A98C-CFEE29A8273C}.Debug|Any CPU.Build.0 = Debug|Any CPU
		{0F663AF2-2083-4FA2-A98C-CFEE29A8273C}.Release|Any CPU.ActiveCfg = Release|Any CPU
		{0F663AF2-2083-4FA2-A98C-CFEE29A8273C}.Release|Any CPU.Build.0 = Release|Any CPU
		{D518C5CF-4412-4C48-869F-64BA09F67F84}.Debug|Any CPU.ActiveCfg = Debug|Any CPU
		{D518C5CF-4412-4C48-869F-64BA09F67F84}.Debug|Any CPU.Build.0 = Debug|Any CPU
		{D518C5CF-4412-4C48-869F-64BA09F67F84}.Release|Any CPU.ActiveCfg = Release|Any CPU
		{D518C5CF-4412-4C48-869F-64BA09F67F84}.Release|Any CPU.Build.0 = Release|Any CPU
	EndGlobalSection
	GlobalSection(SolutionProperties) = preSolution
		HideSolutionNode = FALSE
	EndGlobalSection
	GlobalSection(ExtensibilityGlobals) = postSolution
		SolutionGuid = {270AA905-3026-4A1B-BDBB-93BE3C114340}
	EndGlobalSection
EndGlobal
